
Microsoft Visual Studio Solution File, Format Version 12.00
# Visual Studio Version 16
VisualStudioVersion = 16.0.29613.14
MinimumVisualStudioVersion = 10.0.40219.1
Project("{9A19103F-16F7-4668-BE54-9A1E7A4F7556}") = "WebUI", "Src\WebUI\WebUI.csproj", "{0AA441CC-9AA2-4152-8885-BA940C7833AE}"
EndProject
Project("{2150E333-8FDC-42A3-9474-1A3956D46DE8}") = "Presentation", "Presentation", "{AEC4A729-3AA3-41EC-B246-32EE879D91E9}"
EndProject
Project("{2150E333-8FDC-42A3-9474-1A3956D46DE8}") = "Src", "Src", "{09541AC8-5CF7-4334-911A-9CF90C61CE4B}"
EndProject
Project("{2150E333-8FDC-42A3-9474-1A3956D46DE8}") = "Core", "Core", "{33F9DDE1-56F1-4DF1-BFF5-725D129A7C0D}"
EndProject
Project("{2150E333-8FDC-42A3-9474-1A3956D46DE8}") = "Infrastructure", "Infrastructure", "{2B73356B-BC89-41C7-8F1B-DABFFAB564F0}"
EndProject
Project("{FAE04EC0-301F-11D3-BF4B-00C04F79EFBC}") = "Vaccination.Domain", "Src\Vaccination.Domain\Vaccination.Domain.csproj", "{F5C85AD1-4338-445F-9FB1-D4E37D85A312}"
EndProject
Project("{FAE04EC0-301F-11D3-BF4B-00C04F79EFBC}") = "Vaccination.EF", "Src\Vaccination.EF\Vaccination.EF.csproj", "{783DFAFF-13B0-4EEA-974C-C1C08746CB02}"
EndProject
Project("{FAE04EC0-301F-11D3-BF4B-00C04F79EFBC}") = "Vaccination.Common", "Src\Vaccination.Common\Vaccination.Common.csproj", "{274E71E6-5B98-4392-96ED-3BDEBBBC0B6F}"
EndProject
Project("{FAE04EC0-301F-11D3-BF4B-00C04F79EFBC}") = "Vaccination.Infastructure", "Src\Vaccination.Infastructure\Vaccination.Infastructure.csproj", "{9D14C474-5729-482C-9A1D-29DA58AB6486}"
EndProject
Project("{9A19103F-16F7-4668-BE54-9A1E7A4F7556}") = "Vaccination.Interfaces", "Src\Vaccination.Interfaces\Vaccination.Interfaces.csproj", "{D213E0D7-4553-4FF8-B1E8-81A2651C68C8}"
EndProject
Project("{9A19103F-16F7-4668-BE54-9A1E7A4F7556}") = "Vaccination.App", "Src\Vaccination.App\Vaccination.App.csproj", "{B3F9D96D-23D3-4542-BEE0-5BC0E112C7E8}"
EndProject
Global
	GlobalSection(SolutionConfigurationPlatforms) = preSolution
		Debug|Any CPU = Debug|Any CPU
		Release|Any CPU = Release|Any CPU
	EndGlobalSection
	GlobalSection(ProjectConfigurationPlatforms) = postSolution
		{0AA441CC-9AA2-4152-8885-BA940C7833AE}.Debug|Any CPU.ActiveCfg = Debug|Any CPU
		{0AA441CC-9AA2-4152-8885-BA940C7833AE}.Debug|Any CPU.Build.0 = Debug|Any CPU
		{0AA441CC-9AA2-4152-8885-BA940C7833AE}.Release|Any CPU.ActiveCfg = Release|Any CPU
		{0AA441CC-9AA2-4152-8885-BA940C7833AE}.Release|Any CPU.Build.0 = Release|Any CPU
		{F5C85AD1-4338-445F-9FB1-D4E37D85A312}.Debug|Any CPU.ActiveCfg = Debug|Any CPU
		{F5C85AD1-4338-445F-9FB1-D4E37D85A312}.Debug|Any CPU.Build.0 = Debug|Any CPU
		{F5C85AD1-4338-445F-9FB1-D4E37D85A312}.Release|Any CPU.ActiveCfg = Release|Any CPU
		{F5C85AD1-4338-445F-9FB1-D4E37D85A312}.Release|Any CPU.Build.0 = Release|Any CPU
		{783DFAFF-13B0-4EEA-974C-C1C08746CB02}.Debug|Any CPU.ActiveCfg = Debug|Any CPU
		{783DFAFF-13B0-4EEA-974C-C1C08746CB02}.Debug|Any CPU.Build.0 = Debug|Any CPU
		{783DFAFF-13B0-4EEA-974C-C1C08746CB02}.Release|Any CPU.ActiveCfg = Release|Any CPU
		{783DFAFF-13B0-4EEA-974C-C1C08746CB02}.Release|Any CPU.Build.0 = Release|Any CPU
		{274E71E6-5B98-4392-96ED-3BDEBBBC0B6F}.Debug|Any CPU.ActiveCfg = Debug|Any CPU
		{274E71E6-5B98-4392-96ED-3BDEBBBC0B6F}.Debug|Any CPU.Build.0 = Debug|Any CPU
		{274E71E6-5B98-4392-96ED-3BDEBBBC0B6F}.Release|Any CPU.ActiveCfg = Release|Any CPU
		{274E71E6-5B98-4392-96ED-3BDEBBBC0B6F}.Release|Any CPU.Build.0 = Release|Any CPU
		{9D14C474-5729-482C-9A1D-29DA58AB6486}.Debug|Any CPU.ActiveCfg = Debug|Any CPU
		{9D14C474-5729-482C-9A1D-29DA58AB6486}.Debug|Any CPU.Build.0 = Debug|Any CPU
		{9D14C474-5729-482C-9A1D-29DA58AB6486}.Release|Any CPU.ActiveCfg = Release|Any CPU
		{9D14C474-5729-482C-9A1D-29DA58AB6486}.Release|Any CPU.Build.0 = Release|Any CPU
		{D213E0D7-4553-4FF8-B1E8-81A2651C68C8}.Debug|Any CPU.ActiveCfg = Debug|Any CPU
		{D213E0D7-4553-4FF8-B1E8-81A2651C68C8}.Debug|Any CPU.Build.0 = Debug|Any CPU
		{D213E0D7-4553-4FF8-B1E8-81A2651C68C8}.Release|Any CPU.ActiveCfg = Release|Any CPU
		{D213E0D7-4553-4FF8-B1E8-81A2651C68C8}.Release|Any CPU.Build.0 = Release|Any CPU
		{B3F9D96D-23D3-4542-BEE0-5BC0E112C7E8}.Debug|Any CPU.ActiveCfg = Debug|Any CPU
		{B3F9D96D-23D3-4542-BEE0-5BC0E112C7E8}.Debug|Any CPU.Build.0 = Debug|Any CPU
		{B3F9D96D-23D3-4542-BEE0-5BC0E112C7E8}.Release|Any CPU.ActiveCfg = Release|Any CPU
		{B3F9D96D-23D3-4542-BEE0-5BC0E112C7E8}.Release|Any CPU.Build.0 = Release|Any CPU
	EndGlobalSection
	GlobalSection(SolutionProperties) = preSolution
		HideSolutionNode = FALSE
	EndGlobalSection
	GlobalSection(NestedProjects) = preSolution
		{0AA441CC-9AA2-4152-8885-BA940C7833AE} = {AEC4A729-3AA3-41EC-B246-32EE879D91E9}
		{AEC4A729-3AA3-41EC-B246-32EE879D91E9} = {09541AC8-5CF7-4334-911A-9CF90C61CE4B}
		{33F9DDE1-56F1-4DF1-BFF5-725D129A7C0D} = {09541AC8-5CF7-4334-911A-9CF90C61CE4B}
		{2B73356B-BC89-41C7-8F1B-DABFFAB564F0} = {09541AC8-5CF7-4334-911A-9CF90C61CE4B}
		{F5C85AD1-4338-445F-9FB1-D4E37D85A312} = {33F9DDE1-56F1-4DF1-BFF5-725D129A7C0D}
		{783DFAFF-13B0-4EEA-974C-C1C08746CB02} = {2B73356B-BC89-41C7-8F1B-DABFFAB564F0}
		{274E71E6-5B98-4392-96ED-3BDEBBBC0B6F} = {33F9DDE1-56F1-4DF1-BFF5-725D129A7C0D}
		{9D14C474-5729-482C-9A1D-29DA58AB6486} = {2B73356B-BC89-41C7-8F1B-DABFFAB564F0}
		{D213E0D7-4553-4FF8-B1E8-81A2651C68C8} = {2B73356B-BC89-41C7-8F1B-DABFFAB564F0}
		{B3F9D96D-23D3-4542-BEE0-5BC0E112C7E8} = {33F9DDE1-56F1-4DF1-BFF5-725D129A7C0D}
	EndGlobalSection
	GlobalSection(ExtensibilityGlobals) = postSolution
		SolutionGuid = {951FA89D-ECDA-4582-AE3C-0920F2099EFE}
	EndGlobalSection
EndGlobal
