
Microsoft Visual Studio Solution File, Format Version 12.00
# Visual Studio Version 16
VisualStudioVersion = 16.0.29613.14
MinimumVisualStudioVersion = 10.0.40219.1
Project("{FAE04EC0-301F-11D3-BF4B-00C04F79EFBC}") = "WebUI", "Vaccination\WebUI.csproj", "{994CB45F-9DF6-4F21-98DB-D297F17559AE}"
EndProject
Project("{2150E333-8FDC-42A3-9474-1A3956D46DE8}") = "Core", "Core", "{A2626C77-C3FB-40C8-BBE7-11C266D5BDD2}"
EndProject
Project("{2150E333-8FDC-42A3-9474-1A3956D46DE8}") = "Presentation", "Presentation", "{EAD3FE3D-0F5B-4991-B665-1537A36719C8}"
EndProject
Global
	GlobalSection(SolutionConfigurationPlatforms) = preSolution
		Debug|Any CPU = Debug|Any CPU
		Release|Any CPU = Release|Any CPU
	EndGlobalSection
	GlobalSection(ProjectConfigurationPlatforms) = postSolution
		{994CB45F-9DF6-4F21-98DB-D297F17559AE}.Debug|Any CPU.ActiveCfg = Debug|Any CPU
		{994CB45F-9DF6-4F21-98DB-D297F17559AE}.Debug|Any CPU.Build.0 = Debug|Any CPU
		{994CB45F-9DF6-4F21-98DB-D297F17559AE}.Release|Any CPU.ActiveCfg = Release|Any CPU
		{994CB45F-9DF6-4F21-98DB-D297F17559AE}.Release|Any CPU.Build.0 = Release|Any CPU
	EndGlobalSection
	GlobalSection(SolutionProperties) = preSolution
		HideSolutionNode = FALSE
	EndGlobalSection
	GlobalSection(NestedProjects) = preSolution
		{994CB45F-9DF6-4F21-98DB-D297F17559AE} = {EAD3FE3D-0F5B-4991-B665-1537A36719C8}
	EndGlobalSection
	GlobalSection(ExtensibilityGlobals) = postSolution
		SolutionGuid = {6D7FCF6A-A073-48C1-B398-0EA9D71C3D46}
	EndGlobalSection
EndGlobal
